{
  "originHash" : "f70773a898669df6dedd60e6bb6b9d0ddc570cac995328adcc5d41f4864a30c1",
  "pins" : [
    {
      "identity" : "hero",
      "kind" : "remoteSourceControl",
      "location" : "https://github.com/HeroTransitions/Hero.git",
      "state" : {
        "revision" : "670b81ed3d95f7183bbc009d0ec67c71506557b5",
        "version" : "1.6.4"
      }
    },
    {
      "identity" : "kingfisher",
      "kind" : "remoteSourceControl",
      "location" : "https://github.com/onevcat/Kingfisher",
      "state" : {
        "revision" : "e6749919f9761d573d37a7d7e78b1b854c191d7f",
        "version" : "8.1.3"
      }
    }
  ],
  "version" : 3
}
